// !$*UTF8*$!
{
	archiveVersion = 1;
	classes = {
	};
	objectVersion = 51;
	objects = {

/* Begin PBXBuildFile section */
		C623A932091DAF81610D44F4 /* Pods_NewsFeed.framework in Frameworks */ = {isa = PBXBuildFile; fileRef = D747E46E512EC5C06906D30E /* Pods_NewsFeed.framework */; };
		D05AE48623DAE10400E5066D /* AppDelegate.swift in Sources */ = {isa = PBXBuildFile; fileRef = D05AE48523DAE10400E5066D /* AppDelegate.swift */; };
		D05AE48823DAE10400E5066D /* SceneDelegate.swift in Sources */ = {isa = PBXBuildFile; fileRef = D05AE48723DAE10400E5066D /* SceneDelegate.swift */; };
		D05AE48A23DAE10500E5066D /* ViewController.swift in Sources */ = {isa = PBXBuildFile; fileRef = D05AE48923DAE10500E5066D /* ViewController.swift */; };
		D05AE48D23DAE10500E5066D /* Main.storyboard in Resources */ = {isa = PBXBuildFile; fileRef = D05AE48B23DAE10500E5066D /* Main.storyboard */; };
		D05AE48F23DAE10600E5066D /* Assets.xcassets in Resources */ = {isa = PBXBuildFile; fileRef = D05AE48E23DAE10600E5066D /* Assets.xcassets */; };
		D05AE49223DAE10600E5066D /* LaunchScreen.storyboard in Resources */ = {isa = PBXBuildFile; fileRef = D05AE49023DAE10600E5066D /* LaunchScreen.storyboard */; };
		D05AE49E23DB1FE900E5066D /* NewsTableViewCell.swift in Sources */ = {isa = PBXBuildFile; fileRef = D05AE49C23DB1FE900E5066D /* NewsTableViewCell.swift */; };
		D05AE49F23DB1FE900E5066D /* NewsTableViewCell.xib in Resources */ = {isa = PBXBuildFile; fileRef = D05AE49D23DB1FE900E5066D /* NewsTableViewCell.xib */; };
		D05AE4A423DB539D00E5066D /* NewsWebViewController.swift in Sources */ = {isa = PBXBuildFile; fileRef = D05AE4A223DB539D00E5066D /* NewsWebViewController.swift */; };
		D05AE4A523DB539D00E5066D /* NewsWebViewController.xib in Resources */ = {isa = PBXBuildFile; fileRef = D05AE4A323DB539D00E5066D /* NewsWebViewController.xib */; };
		D05AE4A923DC8E0100E5066D /* ImageService.swift in Sources */ = {isa = PBXBuildFile; fileRef = D05AE4A823DC8E0100E5066D /* ImageService.swift */; };
		D05AE4AD23DC9CD700E5066D /* NoInternetViewCell.swift in Sources */ = {isa = PBXBuildFile; fileRef = D05AE4AB23DC9CD700E5066D /* NoInternetViewCell.swift */; };
		D05AE4AE23DC9CD700E5066D /* NoInternetViewCell.xib in Resources */ = {isa = PBXBuildFile; fileRef = D05AE4AC23DC9CD700E5066D /* NoInternetViewCell.xib */; };
		D05AE4B023DCA64E00E5066D /* InternetService.swift in Sources */ = {isa = PBXBuildFile; fileRef = D05AE4AF23DCA64E00E5066D /* InternetService.swift */; };
		D0779C4923DDBA2100A405D6 /* Article.swift in Sources */ = {isa = PBXBuildFile; fileRef = D0779C4823DDBA2100A405D6 /* Article.swift */; };
/* End PBXBuildFile section */

/* Begin PBXFileReference section */
		23B7609D655BB3485EE4145C /* Pods-NewsFeed.release.xcconfig */ = {isa = PBXFileReference; includeInIndex = 1; lastKnownFileType = text.xcconfig; name = "Pods-NewsFeed.release.xcconfig"; path = "Target Support Files/Pods-NewsFeed/Pods-NewsFeed.release.xcconfig"; sourceTree = "<group>"; };
		A782EBE9DF519B57ED71C32C /* Pods-NewsFeed.debug.xcconfig */ = {isa = PBXFileReference; includeInIndex = 1; lastKnownFileType = text.xcconfig; name = "Pods-NewsFeed.debug.xcconfig"; path = "Target Support Files/Pods-NewsFeed/Pods-NewsFeed.debug.xcconfig"; sourceTree = "<group>"; };
		D05AE48223DAE10400E5066D /* NewsFeed.app */ = {isa = PBXFileReference; explicitFileType = wrapper.application; includeInIndex = 0; path = NewsFeed.app; sourceTree = BUILT_PRODUCTS_DIR; };
		D05AE48523DAE10400E5066D /* AppDelegate.swift */ = {isa = PBXFileReference; lastKnownFileType = sourcecode.swift; path = AppDelegate.swift; sourceTree = "<group>"; };
		D05AE48723DAE10400E5066D /* SceneDelegate.swift */ = {isa = PBXFileReference; lastKnownFileType = sourcecode.swift; path = SceneDelegate.swift; sourceTree = "<group>"; };
		D05AE48923DAE10500E5066D /* ViewController.swift */ = {isa = PBXFileReference; lastKnownFileType = sourcecode.swift; path = ViewController.swift; sourceTree = "<group>"; };
		D05AE48C23DAE10500E5066D /* Base */ = {isa = PBXFileReference; lastKnownFileType = file.storyboard; name = Base; path = Base.lproj/Main.storyboard; sourceTree = "<group>"; };
		D05AE48E23DAE10600E5066D /* Assets.xcassets */ = {isa = PBXFileReference; lastKnownFileType = folder.assetcatalog; path = Assets.xcassets; sourceTree = "<group>"; };
		D05AE49123DAE10600E5066D /* Base */ = {isa = PBXFileReference; lastKnownFileType = file.storyboard; name = Base; path = Base.lproj/LaunchScreen.storyboard; sourceTree = "<group>"; };
		D05AE49323DAE10600E5066D /* Info.plist */ = {isa = PBXFileReference; lastKnownFileType = text.plist.xml; path = Info.plist; sourceTree = "<group>"; };
		D05AE49C23DB1FE900E5066D /* NewsTableViewCell.swift */ = {isa = PBXFileReference; lastKnownFileType = sourcecode.swift; path = NewsTableViewCell.swift; sourceTree = "<group>"; };
		D05AE49D23DB1FE900E5066D /* NewsTableViewCell.xib */ = {isa = PBXFileReference; lastKnownFileType = file.xib; path = NewsTableViewCell.xib; sourceTree = "<group>"; };
		D05AE4A223DB539D00E5066D /* NewsWebViewController.swift */ = {isa = PBXFileReference; lastKnownFileType = sourcecode.swift; path = NewsWebViewController.swift; sourceTree = "<group>"; };
		D05AE4A323DB539D00E5066D /* NewsWebViewController.xib */ = {isa = PBXFileReference; lastKnownFileType = file.xib; path = NewsWebViewController.xib; sourceTree = "<group>"; };
		D05AE4A823DC8E0100E5066D /* ImageService.swift */ = {isa = PBXFileReference; lastKnownFileType = sourcecode.swift; path = ImageService.swift; sourceTree = "<group>"; };
		D05AE4AB23DC9CD700E5066D /* NoInternetViewCell.swift */ = {isa = PBXFileReference; lastKnownFileType = sourcecode.swift; path = NoInternetViewCell.swift; sourceTree = "<group>"; };
		D05AE4AC23DC9CD700E5066D /* NoInternetViewCell.xib */ = {isa = PBXFileReference; lastKnownFileType = file.xib; path = NoInternetViewCell.xib; sourceTree = "<group>"; };
		D05AE4AF23DCA64E00E5066D /* InternetService.swift */ = {isa = PBXFileReference; lastKnownFileType = sourcecode.swift; path = InternetService.swift; sourceTree = "<group>"; };
		D0779C4823DDBA2100A405D6 /* Article.swift */ = {isa = PBXFileReference; lastKnownFileType = sourcecode.swift; path = Article.swift; sourceTree = "<group>"; };
		D747E46E512EC5C06906D30E /* Pods_NewsFeed.framework */ = {isa = PBXFileReference; explicitFileType = wrapper.framework; includeInIndex = 0; path = Pods_NewsFeed.framework; sourceTree = BUILT_PRODUCTS_DIR; };
/* End PBXFileReference section */

/* Begin PBXFrameworksBuildPhase section */
		D05AE47F23DAE10400E5066D /* Frameworks */ = {
			isa = PBXFrameworksBuildPhase;
			buildActionMask = 2147483647;
			files = (
				C623A932091DAF81610D44F4 /* Pods_NewsFeed.framework in Frameworks */,
			);
			runOnlyForDeploymentPostprocessing = 0;
		};
/* End PBXFrameworksBuildPhase section */

/* Begin PBXGroup section */
		C19F35196994AE25A4613B56 /* Pods */ = {
			isa = PBXGroup;
			children = (
				A782EBE9DF519B57ED71C32C /* Pods-NewsFeed.debug.xcconfig */,
				23B7609D655BB3485EE4145C /* Pods-NewsFeed.release.xcconfig */,
			);
			path = Pods;
			sourceTree = "<group>";
		};
		D05AE47923DAE10400E5066D = {
			isa = PBXGroup;
			children = (
				D05AE48423DAE10400E5066D /* NewsFeed */,
				D05AE48323DAE10400E5066D /* Products */,
				C19F35196994AE25A4613B56 /* Pods */,
				F430BE6EF63DE7C6E460A6FB /* Frameworks */,
			);
			sourceTree = "<group>";
		};
		D05AE48323DAE10400E5066D /* Products */ = {
			isa = PBXGroup;
			children = (
				D05AE48223DAE10400E5066D /* NewsFeed.app */,
			);
			name = Products;
			sourceTree = "<group>";
		};
		D05AE48423DAE10400E5066D /* NewsFeed */ = {
			isa = PBXGroup;
			children = (
				D0779C4723DDB9FE00A405D6 /* Model */,
				D05AE4AA23DC8E0500E5066D /* Services */,
				D05AE4A723DC60CD00E5066D /* NewsTableView */,
				D05AE4A623DC60A200E5066D /* WebView */,
				D05AE48523DAE10400E5066D /* AppDelegate.swift */,
				D05AE48723DAE10400E5066D /* SceneDelegate.swift */,
				D05AE48B23DAE10500E5066D /* Main.storyboard */,
				D05AE48E23DAE10600E5066D /* Assets.xcassets */,
				D05AE49023DAE10600E5066D /* LaunchScreen.storyboard */,
				D05AE49323DAE10600E5066D /* Info.plist */,
			);
			path = NewsFeed;
			sourceTree = "<group>";
		};
		D05AE4A623DC60A200E5066D /* WebView */ = {
			isa = PBXGroup;
			children = (
				D05AE4A223DB539D00E5066D /* NewsWebViewController.swift */,
				D05AE4A323DB539D00E5066D /* NewsWebViewController.xib */,
			);
			path = WebView;
			sourceTree = "<group>";
		};
		D05AE4A723DC60CD00E5066D /* NewsTableView */ = {
			isa = PBXGroup;
			children = (
				D05AE48923DAE10500E5066D /* ViewController.swift */,
				D05AE49C23DB1FE900E5066D /* NewsTableViewCell.swift */,
				D05AE49D23DB1FE900E5066D /* NewsTableViewCell.xib */,
				D05AE4AB23DC9CD700E5066D /* NoInternetViewCell.swift */,
				D05AE4AC23DC9CD700E5066D /* NoInternetViewCell.xib */,
			);
			path = NewsTableView;
			sourceTree = "<group>";
		};
		D05AE4AA23DC8E0500E5066D /* Services */ = {
			isa = PBXGroup;
			children = (
				D05AE4A823DC8E0100E5066D /* ImageService.swift */,
				D05AE4AF23DCA64E00E5066D /* InternetService.swift */,
			);
			path = Services;
			sourceTree = "<group>";
		};
		D0779C4723DDB9FE00A405D6 /* Model */ = {
			isa = PBXGroup;
			children = (
				D0779C4823DDBA2100A405D6 /* Article.swift */,
			);
			path = Model;
			sourceTree = "<group>";
		};
		F430BE6EF63DE7C6E460A6FB /* Frameworks */ = {
			isa = PBXGroup;
			children = (
				D747E46E512EC5C06906D30E /* Pods_NewsFeed.framework */,
			);
			name = Frameworks;
			sourceTree = "<group>";
		};
/* End PBXGroup section */

/* Begin PBXNativeTarget section */
		D05AE48123DAE10400E5066D /* NewsFeed */ = {
			isa = PBXNativeTarget;
			buildConfigurationList = D05AE49623DAE10600E5066D /* Build configuration list for PBXNativeTarget "NewsFeed" */;
			buildPhases = (
				B3770B60B70A64173FD99325 /* [CP] Check Pods Manifest.lock */,
				D05AE47E23DAE10400E5066D /* Sources */,
				D05AE47F23DAE10400E5066D /* Frameworks */,
				D05AE48023DAE10400E5066D /* Resources */,
				D1CF61CEED45FFEB13F8C409 /* [CP] Embed Pods Frameworks */,
			);
			buildRules = (
			);
			dependencies = (
			);
			name = NewsFeed;
			productName = NewsFeed;
			productReference = D05AE48223DAE10400E5066D /* NewsFeed.app */;
			productType = "com.apple.product-type.application";
		};
/* End PBXNativeTarget section */

/* Begin PBXProject section */
		D05AE47A23DAE10400E5066D /* Project object */ = {
			isa = PBXProject;
			attributes = {
				LastSwiftUpdateCheck = 1130;
				LastUpgradeCheck = 1130;
				ORGANIZATIONNAME = "Денис Аблызалов";
				TargetAttributes = {
					D05AE48123DAE10400E5066D = {
						CreatedOnToolsVersion = 11.3.1;
					};
				};
			};
			buildConfigurationList = D05AE47D23DAE10400E5066D /* Build configuration list for PBXProject "NewsFeed" */;
			compatibilityVersion = "Xcode 9.3";
			developmentRegion = en;
			hasScannedForEncodings = 0;
			knownRegions = (
				en,
				Base,
			);
			mainGroup = D05AE47923DAE10400E5066D;
			productRefGroup = D05AE48323DAE10400E5066D /* Products */;
			projectDirPath = "";
			projectRoot = "";
			targets = (
				D05AE48123DAE10400E5066D /* NewsFeed */,
			);
		};
/* End PBXProject section */

/* Begin PBXResourcesBuildPhase section */
		D05AE48023DAE10400E5066D /* Resources */ = {
			isa = PBXResourcesBuildPhase;
			buildActionMask = 2147483647;
			files = (
				D05AE4A523DB539D00E5066D /* NewsWebViewController.xib in Resources */,
				D05AE4AE23DC9CD700E5066D /* NoInternetViewCell.xib in Resources */,
				D05AE49223DAE10600E5066D /* LaunchScreen.storyboard in Resources */,
				D05AE48F23DAE10600E5066D /* Assets.xcassets in Resources */,
				D05AE48D23DAE10500E5066D /* Main.storyboard in Resources */,
				D05AE49F23DB1FE900E5066D /* NewsTableViewCell.xib in Resources */,
			);
			runOnlyForDeploymentPostprocessing = 0;
		};
/* End PBXResourcesBuildPhase section */

/* Begin PBXShellScriptBuildPhase section */
		B3770B60B70A64173FD99325 /* [CP] Check Pods Manifest.lock */ = {
			isa = PBXShellScriptBuildPhase;
			buildActionMask = 2147483647;
			files = (
			);
			inputFileListPaths = (
			);
			inputPaths = (
				"${PODS_PODFILE_DIR_PATH}/Podfile.lock",
				"${PODS_ROOT}/Manifest.lock",
			);
			name = "[CP] Check Pods Manifest.lock";
			outputFileListPaths = (
			);
			outputPaths = (
				"$(DERIVED_FILE_DIR)/Pods-NewsFeed-checkManifestLockResult.txt",
			);
			runOnlyForDeploymentPostprocessing = 0;
			shellPath = /bin/sh;
			shellScript = "diff \"${PODS_PODFILE_DIR_PATH}/Podfile.lock\" \"${PODS_ROOT}/Manifest.lock\" > /dev/null\nif [ $? != 0 ] ; then\n    # print error to STDERR\n    echo \"error: The sandbox is not in sync with the Podfile.lock. Run 'pod install' or update your CocoaPods installation.\" >&2\n    exit 1\nfi\n# This output is used by Xcode 'outputs' to avoid re-running this script phase.\necho \"SUCCESS\" > \"${SCRIPT_OUTPUT_FILE_0}\"\n";
			showEnvVarsInLog = 0;
		};
		D1CF61CEED45FFEB13F8C409 /* [CP] Embed Pods Frameworks */ = {
			isa = PBXShellScriptBuildPhase;
			buildActionMask = 2147483647;
			files = (
			);
			inputFileListPaths = (
				"${PODS_ROOT}/Target Support Files/Pods-NewsFeed/Pods-NewsFeed-frameworks-${CONFIGURATION}-input-files.xcfilelist",
			);
			name = "[CP] Embed Pods Frameworks";
			outputFileListPaths = (
				"${PODS_ROOT}/Target Support Files/Pods-NewsFeed/Pods-NewsFeed-frameworks-${CONFIGURATION}-output-files.xcfilelist",
			);
			runOnlyForDeploymentPostprocessing = 0;
			shellPath = /bin/sh;
			shellScript = "\"${PODS_ROOT}/Target Support Files/Pods-NewsFeed/Pods-NewsFeed-frameworks.sh\"\n";
			showEnvVarsInLog = 0;
		};
/* End PBXShellScriptBuildPhase section */

/* Begin PBXSourcesBuildPhase section */
		D05AE47E23DAE10400E5066D /* Sources */ = {
			isa = PBXSourcesBuildPhase;
			buildActionMask = 2147483647;
			files = (
				D05AE48A23DAE10500E5066D /* ViewController.swift in Sources */,
				D05AE48623DAE10400E5066D /* AppDelegate.swift in Sources */,
				D0779C4923DDBA2100A405D6 /* Article.swift in Sources */,
				D05AE4B023DCA64E00E5066D /* InternetService.swift in Sources */,
				D05AE4A423DB539D00E5066D /* NewsWebViewController.swift in Sources */,
				D05AE49E23DB1FE900E5066D /* NewsTableViewCell.swift in Sources */,
				D05AE4AD23DC9CD700E5066D /* NoInternetViewCell.swift in Sources */,
				D05AE48823DAE10400E5066D /* SceneDelegate.swift in Sources */,
				D05AE4A923DC8E0100E5066D /* ImageService.swift in Sources */,
			);
			runOnlyForDeploymentPostprocessing = 0;
		};
/* End PBXSourcesBuildPhase section */

/* Begin PBXVariantGroup section */
		D05AE48B23DAE10500E5066D /* Main.storyboard */ = {
			isa = PBXVariantGroup;
			children = (
				D05AE48C23DAE10500E5066D /* Base */,
			);
			name = Main.storyboard;
			sourceTree = "<group>";
		};
		D05AE49023DAE10600E5066D /* LaunchScreen.storyboard */ = {
			isa = PBXVariantGroup;
			children = (
				D05AE49123DAE10600E5066D /* Base */,
			);
			name = LaunchScreen.storyboard;
			sourceTree = "<group>";
		};
/* End PBXVariantGroup section */

/* Begin XCBuildConfiguration section */
		D05AE49423DAE10600E5066D /* Debug */ = {
			isa = XCBuildConfiguration;
			buildSettings = {
				ALWAYS_SEARCH_USER_PATHS = NO;
				CLANG_ANALYZER_NONNULL = YES;
				CLANG_ANALYZER_NUMBER_OBJECT_CONVERSION = YES_AGGRESSIVE;
				CLANG_CXX_LANGUAGE_STANDARD = "gnu++14";
				CLANG_CXX_LIBRARY = "libc++";
				CLANG_ENABLE_MODULES = YES;
				CLANG_ENABLE_OBJC_ARC = YES;
				CLANG_ENABLE_OBJC_WEAK = YES;
				CLANG_WARN_BLOCK_CAPTURE_AUTORELEASING = YES;
				CLANG_WARN_BOOL_CONVERSION = YES;
				CLANG_WARN_COMMA = YES;
				CLANG_WARN_CONSTANT_CONVERSION = YES;
				CLANG_WARN_DEPRECATED_OBJC_IMPLEMENTATIONS = YES;
				CLANG_WARN_DIRECT_OBJC_ISA_USAGE = YES_ERROR;
				CLANG_WARN_DOCUMENTATION_COMMENTS = YES;
				CLANG_WARN_EMPTY_BODY = YES;
				CLANG_WARN_ENUM_CONVERSION = YES;
				CLANG_WARN_INFINITE_RECURSION = YES;
				CLANG_WARN_INT_CONVERSION = YES;
				CLANG_WARN_NON_LITERAL_NULL_CONVERSION = YES;
				CLANG_WARN_OBJC_IMPLICIT_RETAIN_SELF = YES;
				CLANG_WARN_OBJC_LITERAL_CONVERSION = YES;
				CLANG_WARN_OBJC_ROOT_CLASS = YES_ERROR;
				CLANG_WARN_RANGE_LOOP_ANALYSIS = YES;
				CLANG_WARN_STRICT_PROTOTYPES = YES;
				CLANG_WARN_SUSPICIOUS_MOVE = YES;
				CLANG_WARN_UNGUARDED_AVAILABILITY = YES_AGGRESSIVE;
				CLANG_WARN_UNREACHABLE_CODE = YES;
				CLANG_WARN__DUPLICATE_METHOD_MATCH = YES;
				COPY_PHASE_STRIP = NO;
				DEBUG_INFORMATION_FORMAT = dwarf;
				ENABLE_STRICT_OBJC_MSGSEND = YES;
				ENABLE_TESTABILITY = YES;
				GCC_C_LANGUAGE_STANDARD = gnu11;
				GCC_DYNAMIC_NO_PIC = NO;
				GCC_NO_COMMON_BLOCKS = YES;
				GCC_OPTIMIZATION_LEVEL = 0;
				GCC_PREPROCESSOR_DEFINITIONS = (
					"DEBUG=1",
					"$(inherited)",
				);
				GCC_WARN_64_TO_32_BIT_CONVERSION = YES;
				GCC_WARN_ABOUT_RETURN_TYPE = YES_ERROR;
				GCC_WARN_UNDECLARED_SELECTOR = YES;
				GCC_WARN_UNINITIALIZED_AUTOS = YES_AGGRESSIVE;
				GCC_WARN_UNUSED_FUNCTION = YES;
				GCC_WARN_UNUSED_VARIABLE = YES;
				IPHONEOS_DEPLOYMENT_TARGET = 13.2;
				MTL_ENABLE_DEBUG_INFO = INCLUDE_SOURCE;
				MTL_FAST_MATH = YES;
				ONLY_ACTIVE_ARCH = YES;
				SDKROOT = iphoneos;
				SWIFT_ACTIVE_COMPILATION_CONDITIONS = DEBUG;
				SWIFT_OPTIMIZATION_LEVEL = "-Onone";
			};
			name = Debug;
		};
		D05AE49523DAE10600E5066D /* Release */ = {
			isa = XCBuildConfiguration;
			buildSettings = {
				ALWAYS_SEARCH_USER_PATHS = NO;
				CLANG_ANALYZER_NONNULL = YES;
				CLANG_ANALYZER_NUMBER_OBJECT_CONVERSION = YES_AGGRESSIVE;
				CLANG_CXX_LANGUAGE_STANDARD = "gnu++14";
				CLANG_CXX_LIBRARY = "libc++";
				CLANG_ENABLE_MODULES = YES;
				CLANG_ENABLE_OBJC_ARC = YES;
				CLANG_ENABLE_OBJC_WEAK = YES;
				CLANG_WARN_BLOCK_CAPTURE_AUTORELEASING = YES;
				CLANG_WARN_BOOL_CONVERSION = YES;
				CLANG_WARN_COMMA = YES;
				CLANG_WARN_CONSTANT_CONVERSION = YES;
				CLANG_WARN_DEPRECATED_OBJC_IMPLEMENTATIONS = YES;
				CLANG_WARN_DIRECT_OBJC_ISA_USAGE = YES_ERROR;
				CLANG_WARN_DOCUMENTATION_COMMENTS = YES;
				CLANG_WARN_EMPTY_BODY = YES;
				CLANG_WARN_ENUM_CONVERSION = YES;
				CLANG_WARN_INFINITE_RECURSION = YES;
				CLANG_WARN_INT_CONVERSION = YES;
				CLANG_WARN_NON_LITERAL_NULL_CONVERSION = YES;
				CLANG_WARN_OBJC_IMPLICIT_RETAIN_SELF = YES;
				CLANG_WARN_OBJC_LITERAL_CONVERSION = YES;
				CLANG_WARN_OBJC_ROOT_CLASS = YES_ERROR;
				CLANG_WARN_RANGE_LOOP_ANALYSIS = YES;
				CLANG_WARN_STRICT_PROTOTYPES = YES;
				CLANG_WARN_SUSPICIOUS_MOVE = YES;
				CLANG_WARN_UNGUARDED_AVAILABILITY = YES_AGGRESSIVE;
				CLANG_WARN_UNREACHABLE_CODE = YES;
				CLANG_WARN__DUPLICATE_METHOD_MATCH = YES;
				COPY_PHASE_STRIP = NO;
				DEBUG_INFORMATION_FORMAT = "dwarf-with-dsym";
				ENABLE_NS_ASSERTIONS = NO;
				ENABLE_STRICT_OBJC_MSGSEND = YES;
				GCC_C_LANGUAGE_STANDARD = gnu11;
				GCC_NO_COMMON_BLOCKS = YES;
				GCC_WARN_64_TO_32_BIT_CONVERSION = YES;
				GCC_WARN_ABOUT_RETURN_TYPE = YES_ERROR;
				GCC_WARN_UNDECLARED_SELECTOR = YES;
				GCC_WARN_UNINITIALIZED_AUTOS = YES_AGGRESSIVE;
				GCC_WARN_UNUSED_FUNCTION = YES;
				GCC_WARN_UNUSED_VARIABLE = YES;
				IPHONEOS_DEPLOYMENT_TARGET = 13.2;
				MTL_ENABLE_DEBUG_INFO = NO;
				MTL_FAST_MATH = YES;
				SDKROOT = iphoneos;
				SWIFT_COMPILATION_MODE = wholemodule;
				SWIFT_OPTIMIZATION_LEVEL = "-O";
				VALIDATE_PRODUCT = YES;
			};
			name = Release;
		};
		D05AE49723DAE10600E5066D /* Debug */ = {
			isa = XCBuildConfiguration;
			baseConfigurationReference = A782EBE9DF519B57ED71C32C /* Pods-NewsFeed.debug.xcconfig */;
			buildSettings = {
				ASSETCATALOG_COMPILER_APPICON_NAME = AppIcon;
				CODE_SIGN_STYLE = Automatic;
				DEVELOPMENT_TEAM = 65428QNNLJ;
				INFOPLIST_FILE = NewsFeed/Info.plist;
				LD_RUNPATH_SEARCH_PATHS = (
					"$(inherited)",
					"@executable_path/Frameworks",
				);
				PRODUCT_BUNDLE_IDENTIFIER = com.coolpop.NewsFeed;
				PRODUCT_NAME = "$(TARGET_NAME)";
				SWIFT_VERSION = 5.0;
				TARGETED_DEVICE_FAMILY = "1,2";
			};
			name = Debug;
		};
		D05AE49823DAE10600E5066D /* Release */ = {
			isa = XCBuildConfiguration;
			baseConfigurationReference = 23B7609D655BB3485EE4145C /* Pods-NewsFeed.release.xcconfig */;
			buildSettings = {
				ASSETCATALOG_COMPILER_APPICON_NAME = AppIcon;
				CODE_SIGN_STYLE = Automatic;
				DEVELOPMENT_TEAM = 65428QNNLJ;
				INFOPLIST_FILE = NewsFeed/Info.plist;
				LD_RUNPATH_SEARCH_PATHS = (
					"$(inherited)",
					"@executable_path/Frameworks",
				);
				PRODUCT_BUNDLE_IDENTIFIER = com.coolpop.NewsFeed;
				PRODUCT_NAME = "$(TARGET_NAME)";
				SWIFT_VERSION = 5.0;
				TARGETED_DEVICE_FAMILY = "1,2";
			};
			name = Release;
		};
/* End XCBuildConfiguration section */

/* Begin XCConfigurationList section */
		D05AE47D23DAE10400E5066D /* Build configuration list for PBXProject "NewsFeed" */ = {
			isa = XCConfigurationList;
			buildConfigurations = (
				D05AE49423DAE10600E5066D /* Debug */,
				D05AE49523DAE10600E5066D /* Release */,
			);
			defaultConfigurationIsVisible = 0;
			defaultConfigurationName = Release;
		};
		D05AE49623DAE10600E5066D /* Build configuration list for PBXNativeTarget "NewsFeed" */ = {
			isa = XCConfigurationList;
			buildConfigurations = (
				D05AE49723DAE10600E5066D /* Debug */,
				D05AE49823DAE10600E5066D /* Release */,
			);
			defaultConfigurationIsVisible = 0;
			defaultConfigurationName = Release;
		};
/* End XCConfigurationList section */
	};
	rootObject = D05AE47A23DAE10400E5066D /* Project object */;
}
